{
  "name": "mkchat",
  "version": "1.0.0",
  "lockfileVersion": 2,
  "requires": true,
  "packages": {
    "": {
      "name": "mkchat",
      "version": "1.0.0",
      "license": "ISC",
      "dependencies": {
        "mkdirp": "^1.0.4",
        "template-string": "github:TakutoYoshikai/template-string"
      },
      "bin": {
        "mkchat": "export.js"
      }
    },
    "node_modules/mkdirp": {
      "version": "1.0.4",
      "resolved": "https://registry.npmjs.org/mkdirp/-/mkdirp-1.0.4.tgz",
      "integrity": "sha512-vVqVZQyf3WLx2Shd0qJ9xuvqgAyKPLAiqITEtqW0oIUjzo3PePDd6fW9iFz30ef7Ysp/oiWqbhszeGWW2T6Gzw==",
      "bin": {
        "mkdirp": "bin/cmd.js"
      },
      "engines": {
        "node": ">=10"
      }
    },
    "node_modules/template-string": {
      "version": "1.0.0",
      "resolved": "git+ssh://git@github.com/TakutoYoshikai/template-string.git#20e3ca12057d8d5b49d57de83ab96a6492ecc39b",
      "license": "ISC"
    }
  },
  "dependencies": {
    "mkdirp": {
      "version": "1.0.4",
      "resolved": "https://registry.npmjs.org/mkdirp/-/mkdirp-1.0.4.tgz",
      "integrity": "sha512-vVqVZQyf3WLx2Shd0qJ9xuvqgAyKPLAiqITEtqW0oIUjzo3PePDd6fW9iFz30ef7Ysp/oiWqbhszeGWW2T6Gzw=="
    },
    "template-string": {
      "version": "git+ssh://git@github.com/TakutoYoshikai/template-string.git#20e3ca12057d8d5b49d57de83ab96a6492ecc39b",
      "from": "template-string@github:TakutoYoshikai/template-string"
    }
  }
}
